
Microsoft Visual Studio Solution File, Format Version 12.00
# Visual Studio 15
VisualStudioVersion = 15.0.27130.2010
MinimumVisualStudioVersion = 10.0.40219.1
Project("{FAE04EC0-301F-11D3-BF4B-00C04F79EFBC}") = "szyfr_deszyfr", "szyfr_deszyfr\szyfr_deszyfr.csproj", "{DAB2F2AB-7238-4BE6-AFB7-F926FD39105A}"
EndProject
Global
	GlobalSection(SolutionConfigurationPlatforms) = preSolution
		Debug|Any CPU = Debug|Any CPU
		Release|Any CPU = Release|Any CPU
	EndGlobalSection
	GlobalSection(ProjectConfigurationPlatforms) = postSolution
		{DAB2F2AB-7238-4BE6-AFB7-F926FD39105A}.Debug|Any CPU.ActiveCfg = Debug|Any CPU
		{DAB2F2AB-7238-4BE6-AFB7-F926FD39105A}.Debug|Any CPU.Build.0 = Debug|Any CPU
		{DAB2F2AB-7238-4BE6-AFB7-F926FD39105A}.Release|Any CPU.ActiveCfg = Release|Any CPU
		{DAB2F2AB-7238-4BE6-AFB7-F926FD39105A}.Release|Any CPU.Build.0 = Release|Any CPU
	EndGlobalSection
	GlobalSection(SolutionProperties) = preSolution
		HideSolutionNode = FALSE
	EndGlobalSection
	GlobalSection(ExtensibilityGlobals) = postSolution
		SolutionGuid = {19D99E71-C1AD-43F8-AF2E-10BB4CDBB285}
	EndGlobalSection
EndGlobal
